<?xml version="1.0" encoding="utf-8"?>
<Project ToolsVersion="4.0" xmlns="http://schemas.microsoft.com/developer/msbuild/2003">
  <ItemGroup>
    <Filter Include="include">
    </Filter>
    <Filter Include="source">
    </Filter>
  </ItemGroup>
  <ItemGroup>
    <ClInclude Include="..\..\include\NvFlex.h">
      <Filter>include</Filter>
    </ClInclude>
    <ClInclude Include="..\..\include\NvFlexDevice.h">
      <Filter>include</Filter>
    </ClInclude>
    <ClInclude Include="..\..\include\NvFlexExt.h">
      <Filter>include</Filter>
    </ClInclude>
    <ClInclude Include="..\..\source\benchmark.h">
      <Filter>source</Filter>
    </ClInclude>
    <ClInclude Include="..\..\source\ColorGradient.h">
      <Filter>source</Filter>
    </ClInclude>
    <ClInclude Include="..\..\source\demoContext.h">
      <Filter>source</Filter>
    </ClInclude>
    <ClInclude Include="..\..\source\helpers.h">
      <Filter>source</Filter>
    </ClInclude>
    <ClInclude Include="..\..\source\hydrographic.h">
      <Filter>source</Filter>
    </ClInclude>
    <ClInclude Include="..\..\source\imgui.h">
      <Filter>source</Filter>
    </ClInclude>
    <ClInclude Include="..\..\source\main.h">
      <Filter>source</Filter>
    </ClInclude>
    <ClInclude Include="..\..\source\scenes.h">
      <Filter>source</Filter>
    </ClInclude>
    <ClInclude Include="..\..\source\shaders.h">
      <Filter>source</Filter>
    </ClInclude>
    <ClInclude Include="..\..\source\shadersDemoContext.h">
      <Filter>source</Filter>
    </ClInclude>
    <ClInclude Include="..\..\source\stb_image.h">
      <Filter>source</Filter>
    </ClInclude>
    <ClInclude Include="..\..\source\stb_image_write.h">
      <Filter>source</Filter>
    </ClInclude>
    <ClInclude Include="..\..\source\stb_truetype.h">
      <Filter>source</Filter>
    </ClInclude>
    <ClInclude Include="..\..\source\model_data.h">
      <Filter>source</Filter>
    </ClInclude>
  </ItemGroup>
  <ItemGroup>
    <Filter Include="core">
    </Filter>
  </ItemGroup>
  <ItemGroup>
    <ClCompile Include="..\..\core\aabbtree.cpp">
      <Filter>core</Filter>
    </ClCompile>
    <ClCompile Include="..\..\core\core.cpp">
      <Filter>core</Filter>
    </ClCompile>
    <ClCompile Include="..\..\core\extrude.cpp">
      <Filter>core</Filter>
    </ClCompile>
    <ClCompile Include="..\..\core\maths.cpp">
      <Filter>core</Filter>
    </ClCompile>
    <ClCompile Include="..\..\core\mesh.cpp">
      <Filter>core</Filter>
    </ClCompile>
    <ClCompile Include="..\..\core\perlin.cpp">
      <Filter>core</Filter>
    </ClCompile>
    <ClCompile Include="..\..\core\pfm.cpp">
      <Filter>core</Filter>
    </ClCompile>
    <ClCompile Include="..\..\core\platform.cpp">
      <Filter>core</Filter>
    </ClCompile>
    <ClCompile Include="..\..\core\png.cpp">
      <Filter>core</Filter>
    </ClCompile>
    <ClCompile Include="..\..\core\sdf.cpp">
      <Filter>core</Filter>
    </ClCompile>
    <ClCompile Include="..\..\core\tga.cpp">
      <Filter>core</Filter>
    </ClCompile>
    <ClCompile Include="..\..\core\voxelize.cpp">
      <Filter>core</Filter>
    </ClCompile>
    <ClInclude Include="..\..\core\aabbtree.h">
      <Filter>core</Filter>
    </ClInclude>
    <ClInclude Include="..\..\core\cloth.h">
      <Filter>core</Filter>
    </ClInclude>
    <ClInclude Include="..\..\core\convex.h">
      <Filter>core</Filter>
    </ClInclude>
    <ClInclude Include="..\..\core\core.h">
      <Filter>core</Filter>
    </ClInclude>
    <ClInclude Include="..\..\core\extrude.h">
      <Filter>core</Filter>
    </ClInclude>
    <ClInclude Include="..\..\core\mat22.h">
      <Filter>core</Filter>
    </ClInclude>
    <ClInclude Include="..\..\core\mat33.h">
      <Filter>core</Filter>
    </ClInclude>
    <ClInclude Include="..\..\core\mat44.h">
      <Filter>core</Filter>
    </ClInclude>
    <ClInclude Include="..\..\core\maths.h">
      <Filter>core</Filter>
    </ClInclude>
    <ClInclude Include="..\..\core\matnn.h">
      <Filter>core</Filter>
    </ClInclude>
    <ClInclude Include="..\..\core\mesh.h">
      <Filter>core</Filter>
    </ClInclude>
    <ClInclude Include="..\..\core\perlin.h">
      <Filter>core</Filter>
    </ClInclude>
    <ClInclude Include="..\..\core\pfm.h">
      <Filter>core</Filter>
    </ClInclude>
    <ClInclude Include="..\..\core\platform.h">
      <Filter>core</Filter>
    </ClInclude>
    <ClInclude Include="..\..\core\png.h">
      <Filter>core</Filter>
    </ClInclude>
    <ClInclude Include="..\..\core\point3.h">
      <Filter>core</Filter>
    </ClInclude>
    <ClInclude Include="..\..\core\quat.h">
      <Filter>core</Filter>
    </ClInclude>
    <ClInclude Include="..\..\core\sdf.h">
      <Filter>core</Filter>
    </ClInclude>
    <ClInclude Include="..\..\core\tga.h">
      <Filter>core</Filter>
    </ClInclude>
    <ClInclude Include="..\..\core\types.h">
      <Filter>core</Filter>
    </ClInclude>
    <ClInclude Include="..\..\core\vec2.h">
      <Filter>core</Filter>
    </ClInclude>
    <ClInclude Include="..\..\core\vec3.h">
      <Filter>core</Filter>
    </ClInclude>
    <ClInclude Include="..\..\core\vec4.h">
      <Filter>core</Filter>
    </ClInclude>
    <ClInclude Include="..\..\core\voxelize.h">
      <Filter>core</Filter>
    </ClInclude>
    <ClCompile Include="..\..\source\imgui.cpp">
      <Filter>source</Filter>
    </ClCompile>
    <ClCompile Include="..\..\source\main.cpp">
      <Filter>source</Filter>
    </ClCompile>
    <ClCompile Include="..\..\source\shadersDemoContext.cpp">
      <Filter>source</Filter>
    </ClCompile>
  </ItemGroup>
  <ItemGroup>
    <Filter Include="opengl">
    </Filter>
  </ItemGroup>
  <ItemGroup>
    <ClCompile Include="..\..\opengl\imguiRenderGL.cpp">
      <Filter>opengl</Filter>
    </ClCompile>
    <ClCompile Include="..\..\opengl\shader.cpp">
      <Filter>opengl</Filter>
    </ClCompile>
    <ClCompile Include="..\..\opengl\shadersGL.cpp">
      <Filter>opengl</Filter>
    </ClCompile>
    <ClInclude Include="..\..\opengl\demoContextOGL.h">
      <Filter>opengl</Filter>
    </ClInclude>
    <ClInclude Include="..\..\opengl\imguiRenderGL.h">
      <Filter>opengl</Filter>
    </ClInclude>
    <ClInclude Include="..\..\opengl\shader.h">
      <Filter>opengl</Filter>
    </ClInclude>
    <ClInclude Include="..\..\opengl\utilsGL.h">
      <Filter>opengl</Filter>
    </ClInclude>
  </ItemGroup>
  <ItemGroup>
    <Filter Include="shaders">
    </Filter>
  </ItemGroup>
  <ItemGroup>
    <None Include="..\..\shaders\film.fs">
      <Filter>shaders</Filter>
    </None>
    <None Include="..\..\shaders\film.vs">
      <Filter>shaders</Filter>
    </None>
    <None Include="..\..\shaders\rigid.fs">
      <Filter>shaders</Filter>
    </None>
    <None Include="..\..\shaders\rigid.vs">
      <Filter>shaders</Filter>
    </None>
    <None Include="..\..\shaders\reverse_tex.fs">
      <Filter>shaders</Filter>
    </None>
    <None Include="..\..\shaders\reverse_tex.vs">
      <Filter>shaders</Filter>
    </None>
    <None Include="..\..\shaders\reverse_tex.tcs">
      <Filter>shaders</Filter>
    </None>
    <None Include="..\..\shaders\reverse_tex.tes">
      <Filter>shaders</Filter>
    </None>
    <None Include="..\..\shaders\reverse_tex.gs">
      <Filter>shaders</Filter>
    </None>
  </ItemGroup>
</Project>